
Microsoft Visual Studio Solution File, Format Version 12.00
# Visual Studio Version 17
VisualStudioVersion = 17.3.32922.545
MinimumVisualStudioVersion = 10.0.40219.1
Project("{FAE04EC0-301F-11D3-BF4B-00C04F79EFBC}") = "Тechnical Service Station", "Тechnical Service Station\Тechnical Service Station.csproj", "{D6F48608-671A-4078-9496-C862CBEEFBFA}"
EndProject
Global
	GlobalSection(SolutionConfigurationPlatforms) = preSolution
		Debug|Any CPU = Debug|Any CPU
		Release|Any CPU = Release|Any CPU
	EndGlobalSection
	GlobalSection(ProjectConfigurationPlatforms) = postSolution
		{D6F48608-671A-4078-9496-C862CBEEFBFA}.Debug|Any CPU.ActiveCfg = Debug|Any CPU
		{D6F48608-671A-4078-9496-C862CBEEFBFA}.Debug|Any CPU.Build.0 = Debug|Any CPU
		{D6F48608-671A-4078-9496-C862CBEEFBFA}.Release|Any CPU.ActiveCfg = Release|Any CPU
		{D6F48608-671A-4078-9496-C862CBEEFBFA}.Release|Any CPU.Build.0 = Release|Any CPU
	EndGlobalSection
	GlobalSection(SolutionProperties) = preSolution
		HideSolutionNode = FALSE
	EndGlobalSection
	GlobalSection(ExtensibilityGlobals) = postSolution
		SolutionGuid = {88C62BE0-E139-43B6-AAC9-650B6AEF9F20}
	EndGlobalSection
EndGlobal
